version = 1
revision = 3
requires-python = ">=3.12"

[[package]]
name = "jogo-da-velha-websocket-python"
version = "0.1.0"
source = { editable = "." }
dependencies = [
    { name = "tornado" },
]

[package.metadata]
requires-dist = [{ name = "tornado", specifier = ">=6.5.10" }]

[[package]]
name = "tornado"
version = "6.5.10"
source = { registry = "https://pypi.org/simple" }
sdist = { url = "https://files.pythonhosted.org/packages/06/61/53d562a57b28c08eda40b258c0f975e360541943ad7c7bef897a40caafda/tornado-6.5.10.tar.gz", hash = "sha256:a6b1ccd08c04b4a06fb5aeb381be99de5ad1e5375c1785e31d78c880feb57687", size = 537910, upload-time = "2026-09-15T13:47:48.73Z" }
wheels = [
    { url = "https://files.pythonhosted.org/packages/cd/5b/ff5fc58fa2427c30dea74c90053f4fc5eda1e7f3833ed3ecc7147fe2b311/tornado-6.5.10-cp39-abi3-macosx_10_9_universal2.whl", hash = "sha256:9261783640e23258694a9ff0795df430a5a7b0a651d3dd53dd0969ad6be16da7", size = 465883, upload-time = "2026-09-15T13:47:35.463Z" },
    { url = "https://files.pythonhosted.org/packages/ad/f5/cd7be26c34a3315532f3aef5f092465da8f59c334dd439d3c14aaef16461/tornado-6.5.10-cp39-abi3-macosx_10_9_x86_64.whl", hash = "sha256:83e6cf438b106c6b3852d70960967bb1b70c87438050dca0981e4b9aa751a4c1", size = 464046, upload-time = "2026-09-15T13:47:37.178Z" },
    { url = "https://files.pythonhosted.org/packages/60/33/df6d7d04854a58619f8349a51e3edb138324130a7562b0bb21f115bb940f/tornado-6.5.10-cp39-abi3-manylinux1_x86_64.manylinux_2_28_x86_64.manylinux_2_5_x86_64.whl", hash = "sha256:bdf942448169e5336451d0494d7e3d81cfa726d5aa312affdc4682dd62a62f6d", size = 467096, upload-time = "2026-09-15T13:47:38.559Z" },
    { url = "https://files.pythonhosted.org/packages/29/17/cc35dff68272d685cffd8600ffafbd8067e7d05e7348d9f80caddffbbd5f/tornado-6.5.10-cp39-abi3-manylinux2014_aarch64.manylinux_2_17_aarch64.manylinux_2_28_aarch64.whl", hash = "sha256:69acca6501eed74582b76dbbceee2a91613f54728e3e418346000d7103101676", size = 468067, upload-time = "2026-09-15T13:47:40.085Z" },
    { url = "https://files.pythonhosted.org/packages/c3/01/6e5349b4e1a53a4b4972a6716785e1fe7407f312063c3972690af8ff301b/tornado-6.5.10-cp39-abi3-musllinux_1_2_aarch64.whl", hash = "sha256:66aaa3f57d30c6e6becee83ff28055d5930ac724214bde99393eefda83d5e015", size = 467901, upload-time = "2026-09-15T13:47:41.576Z" },
    { url = "https://files.pythonhosted.org/packages/28/5e/b4facf94370dba006819c8d304376f8b9fbec6b935b5e51bf45823a9790b/tornado-6.5.10-cp39-abi3-musllinux_1_2_x86_64.whl", hash = "sha256:4bd192b959f9128fb99b8898148070ba4574c9589b78bce42d1851131fe85828", size = 467308, upload-time = "2026-09-15T13:47:43.145Z" },
    { url = "https://files.pythonhosted.org/packages/56/ae/047938e828cafc8eca4c908fafb6588fee944e3af39a0af9d7b602499ae5/tornado-6.5.10-cp39-abi3-win32.whl", hash = "sha256:302eb1e0e3e159314eb591920529fdea80acca92df5510a2cec5bbd4f099ec72", size = 468387, upload-time = "2026-09-15T13:47:44.556Z" },
    { url = "https://files.pythonhosted.org/packages/d8/d4/5901517f05affd752490f6a654ba31b7474664e8dd80bd045a00c220bd88/tornado-6.5.10-cp39-abi3-win_amd64.whl", hash = "sha256:37ae8f150cecfdbf747fc4e12f5e9a97ecd8cf1d4cdb3f119e2de84b11196918", size = 468828, upload-time = "2026-09-15T13:47:45.961Z" },
    { url = "https://files.pythonhosted.org/packages/f3/1a/fd497f3a7f7b74bb04f4b94536b5c9f80742b5d50501fd27977652ddec16/tornado-6.5.10-cp39-abi3-win_arm64.whl", hash = "sha256:ce045d3c298fddd30e89a2777f97039d1b641eb9518ac7b26a4721903539c694", size = 467847, upload-time = "2026-09-15T13:47:47.283Z" },
]
